{
  "name": "recursive-readdir-grouper",
  "version": "1.0.0",
  "lockfileVersion": 1,
  "requires": true,
  "dependencies": {
    "@actions/core": {
      "version": "1.2.2",
      "resolved": "https://registry.npmjs.org/@actions/core/-/core-1.2.2.tgz",
      "integrity": "sha512-IbCx7oefq+Gi6FWbSs2Fnw8VkEI6Y4gvjrYprY3RV//ksq/KPMlClOerJ4jRosyal6zkUIc8R9fS/cpRMlGClg=="
    },
    "@actions/glob": {
      "version": "0.1.0",
      "resolved": "https://registry.npmjs.org/@actions/glob/-/glob-0.1.0.tgz",
      "integrity": "sha512-lx8SzyQ2FE9+UUvjqY1f28QbTJv+w8qP7kHHbfQRhphrlcx0Mdmm1tZdGJzfxv1jxREa/sLW4Oy8CbGQKCJySA==",
      "requires": {
        "@actions/core": "^1.2.0",
        "minimatch": "^3.0.4"
      }
    },
    "@zeit/ncc": {
      "version": "0.21.1",
      "resolved": "https://registry.npmjs.org/@zeit/ncc/-/ncc-0.21.1.tgz",
      "integrity": "sha512-M9WzgquSOt2nsjRkYM9LRylBLmmlwNCwYbm3Up3PDEshfvdmIfqpFNSK8EJvR18NwZjGHE5z2avlDtYQx2JQnw==",
      "dev": true
    },
    "balanced-match": {
      "version": "1.0.0",
      "resolved": "https://registry.npmjs.org/balanced-match/-/balanced-match-1.0.0.tgz",
      "integrity": "sha1-ibTRmasr7kneFk6gK4nORi1xt2c="
    },
    "brace-expansion": {
      "version": "1.1.11",
      "resolved": "https://registry.npmjs.org/brace-expansion/-/brace-expansion-1.1.11.tgz",
      "integrity": "sha512-iCuPHDFgrHX7H2vEI/5xpz07zSHB00TpugqhmYtVmMO6518mCuRMoOYFldEBl0g187ufozdaHgWKcYFb61qGiA==",
      "requires": {
        "balanced-match": "^1.0.0",
        "concat-map": "0.0.1"
      }
    },
    "concat-map": {
      "version": "0.0.1",
      "resolved": "https://registry.npmjs.org/concat-map/-/concat-map-0.0.1.tgz",
      "integrity": "sha1-2Klr13/Wjfd5OnMDajug1UBdR3s="
    },
    "lodash.chunk": {
      "version": "4.2.0",
      "resolved": "https://registry.npmjs.org/lodash.chunk/-/lodash.chunk-4.2.0.tgz",
      "integrity": "sha1-ZuXOH3btJ7QwPYxlEujRIW6BBrw="
    },
    "lodash.shuffle": {
      "version": "4.2.0",
      "resolved": "https://registry.npmjs.org/lodash.shuffle/-/lodash.shuffle-4.2.0.tgz",
      "integrity": "sha1-FFtQU8+HX29cKjP0i26ZSMbse0s="
    },
    "minimatch": {
      "version": "3.0.4",
      "resolved": "https://registry.npmjs.org/minimatch/-/minimatch-3.0.4.tgz",
      "integrity": "sha512-yJHVQEhyqPLUTgt9B83PXu6W3rx4MvvHvSUvToogpwoGDOUQ+yDrR0HRot+yOCdCO7u4hX3pWft6kWBBcqh0UA==",
      "requires": {
        "brace-expansion": "^1.1.7"
      }
    }
  }
}
